<Solution>
  <Folder Name="/src/" />
  <Folder Name="/src/API/" />
  <Folder Name="/src/Core/">
    <Project Path="Faptecsolution.CaritasCRM.Application/Faptecsolution.CaritasCRM.Application.csproj" Id="cd5ee247-4588-4bd3-ae44-305edcfa6ab8" />
    <Project Path="Faptecsolution.CaritasCRM.Domain/Faptecsolution.CaritasCRM.Domain.csproj" />
  </Folder>
  <Folder Name="/src/Infrastructure/" />
  <Folder Name="/src/UI/" />
  <Folder Name="/Test/" />
</Solution>
